// !$*UTF8*$!
{
	archiveVersion = 1;
	classes = {
	};
	objectVersion = 56;
	objects = {

/* Begin PBXBuildFile section */
		A352AE3E2B7A67680013FEAF /* PhotoStockItem.swift in Sources */ = {isa = PBXBuildFile; fileRef = A352AE3D2B7A67680013FEAF /* PhotoStockItem.swift */; };
		A352AE402B7A714C0013FEAF /* ForecastLocation.swift in Sources */ = {isa = PBXBuildFile; fileRef = A352AE3F2B7A714C0013FEAF /* ForecastLocation.swift */; };
		A352AE422B7A8A300013FEAF /* Optional+Tuple.swift in Sources */ = {isa = PBXBuildFile; fileRef = A352AE412B7A8A2F0013FEAF /* Optional+Tuple.swift */; };
		A352AE462B7D26430013FEAF /* URLQueryItem+KeyInit.swift in Sources */ = {isa = PBXBuildFile; fileRef = A352AE452B7D26430013FEAF /* URLQueryItem+KeyInit.swift */; };
		A352AE482B7D28BF0013FEAF /* URL+Endpoint.swift in Sources */ = {isa = PBXBuildFile; fileRef = A352AE472B7D28BF0013FEAF /* URL+Endpoint.swift */; };
		A352AE4A2B7E54140013FEAF /* Double+TemperatureFormat.swift in Sources */ = {isa = PBXBuildFile; fileRef = A352AE492B7E54140013FEAF /* Double+TemperatureFormat.swift */; };
		A352AE4E2B7E5C090013FEAF /* View+RoundedBorder.swift in Sources */ = {isa = PBXBuildFile; fileRef = A352AE4D2B7E5C090013FEAF /* View+RoundedBorder.swift */; };
		A352AE542B7E75B50013FEAF /* NeedleGenerated.swift in Sources */ = {isa = PBXBuildFile; fileRef = A352AE532B7E75B50013FEAF /* NeedleGenerated.swift */; };
		A352AE562B7E76FF0013FEAF /* AppDelegate.swift in Sources */ = {isa = PBXBuildFile; fileRef = A352AE552B7E76FF0013FEAF /* AppDelegate.swift */; };
		A374CA1A2B7E82020063F7C3 /* NeedleFoundation in Frameworks */ = {isa = PBXBuildFile; productRef = A374CA192B7E82020063F7C3 /* NeedleFoundation */; };
		A374CA1C2B7E82020063F7C3 /* NeedleFoundationTest in Frameworks */ = {isa = PBXBuildFile; productRef = A374CA1B2B7E82020063F7C3 /* NeedleFoundationTest */; };
		A374CA1F2B7FB38C0063F7C3 /* ConfigProvider.swift in Sources */ = {isa = PBXBuildFile; fileRef = A374CA1E2B7FB38C0063F7C3 /* ConfigProvider.swift */; };
		A374CA212B7FC1A10063F7C3 /* ForecastListComponent.swift in Sources */ = {isa = PBXBuildFile; fileRef = A374CA202B7FC1A10063F7C3 /* ForecastListComponent.swift */; };
		A374CA232B7FC1F70063F7C3 /* NetworkServiceImpl.swift in Sources */ = {isa = PBXBuildFile; fileRef = A374CA222B7FC1F70063F7C3 /* NetworkServiceImpl.swift */; };
		A374CA252B7FC20F0063F7C3 /* RootComponent.swift in Sources */ = {isa = PBXBuildFile; fileRef = A374CA242B7FC20F0063F7C3 /* RootComponent.swift */; };
		A374CA292B7FC5980063F7C3 /* ForecastLocationItemComponent.swift in Sources */ = {isa = PBXBuildFile; fileRef = A374CA282B7FC5980063F7C3 /* ForecastLocationItemComponent.swift */; };
		A374CA2B2B7FC96E0063F7C3 /* ForecastComponent.swift in Sources */ = {isa = PBXBuildFile; fileRef = A374CA2A2B7FC96E0063F7C3 /* ForecastComponent.swift */; };
		A374CA2D2B7FCDD90063F7C3 /* PhotoStockComponent.swift in Sources */ = {isa = PBXBuildFile; fileRef = A374CA2C2B7FCDD90063F7C3 /* PhotoStockComponent.swift */; };
		A3A83E202B714420000D0FB7 /* PhotoWeatherApp.swift in Sources */ = {isa = PBXBuildFile; fileRef = A3A83E1F2B714420000D0FB7 /* PhotoWeatherApp.swift */; };
		A3A83E262B714421000D0FB7 /* Assets.xcassets in Resources */ = {isa = PBXBuildFile; fileRef = A3A83E252B714421000D0FB7 /* Assets.xcassets */; };
		A3A83E292B714421000D0FB7 /* Preview Assets.xcassets in Resources */ = {isa = PBXBuildFile; fileRef = A3A83E282B714421000D0FB7 /* Preview Assets.xcassets */; };
		A3A83E332B714422000D0FB7 /* PhotoWeatherTests.swift in Sources */ = {isa = PBXBuildFile; fileRef = A3A83E322B714422000D0FB7 /* PhotoWeatherTests.swift */; };
		A3A83E3D2B714422000D0FB7 /* PhotoWeatherUITests.swift in Sources */ = {isa = PBXBuildFile; fileRef = A3A83E3C2B714422000D0FB7 /* PhotoWeatherUITests.swift */; };
		A3A83E3F2B714422000D0FB7 /* PhotoWeatherUITestsLaunchTests.swift in Sources */ = {isa = PBXBuildFile; fileRef = A3A83E3E2B714422000D0FB7 /* PhotoWeatherUITestsLaunchTests.swift */; };
		A3A83E4D2B7145A4000D0FB7 /* ForecastList.swift in Sources */ = {isa = PBXBuildFile; fileRef = A3A83E4C2B7145A4000D0FB7 /* ForecastList.swift */; };
		A3A83E512B714FE9000D0FB7 /* ForecastItem.swift in Sources */ = {isa = PBXBuildFile; fileRef = A3A83E502B714FE9000D0FB7 /* ForecastItem.swift */; };
		A3A83E532B71547E000D0FB7 /* ForecastFetcher.swift in Sources */ = {isa = PBXBuildFile; fileRef = A3A83E522B71547E000D0FB7 /* ForecastFetcher.swift */; };
		A3A83E552B7158E0000D0FB7 /* ForecastListViewModel.swift in Sources */ = {isa = PBXBuildFile; fileRef = A3A83E542B7158E0000D0FB7 /* ForecastListViewModel.swift */; };
		A3A83E582B73C46C000D0FB7 /* JSONDecoder+AnyDateFormatter.swift in Sources */ = {isa = PBXBuildFile; fileRef = A3A83E572B73C46C000D0FB7 /* JSONDecoder+AnyDateFormatter.swift */; };
		A3A83E5A2B73C6DE000D0FB7 /* DateFormatter+InitFormat.swift in Sources */ = {isa = PBXBuildFile; fileRef = A3A83E592B73C6DE000D0FB7 /* DateFormatter+InitFormat.swift */; };
		A3A83E5E2B73CADC000D0FB7 /* NetworkService.swift in Sources */ = {isa = PBXBuildFile; fileRef = A3A83E5D2B73CADC000D0FB7 /* NetworkService.swift */; };
		A3A83E652B73E39F000D0FB7 /* ForecastLocationItem.swift in Sources */ = {isa = PBXBuildFile; fileRef = A3A83E642B73E39F000D0FB7 /* ForecastLocationItem.swift */; };
		A3A83E672B73E45E000D0FB7 /* ForecastLocationItemViewModel.swift in Sources */ = {isa = PBXBuildFile; fileRef = A3A83E662B73E45E000D0FB7 /* ForecastLocationItemViewModel.swift */; };
		A3A83E6A2B73EB94000D0FB7 /* weather-icons-lite.ttf in Resources */ = {isa = PBXBuildFile; fileRef = A3A83E692B73EB94000D0FB7 /* weather-icons-lite.ttf */; };
		A3A83E6D2B7516EF000D0FB7 /* WeatherCode+WMO.swift in Sources */ = {isa = PBXBuildFile; fileRef = A3A83E6C2B7516EF000D0FB7 /* WeatherCode+WMO.swift */; };
		A3A83E6F2B75315A000D0FB7 /* Bool+IntCodable.swift in Sources */ = {isa = PBXBuildFile; fileRef = A3A83E6E2B75315A000D0FB7 /* Bool+IntCodable.swift */; };
		A3A83E722B753C0F000D0FB7 /* PhotoStockFetcher.swift in Sources */ = {isa = PBXBuildFile; fileRef = A3A83E712B753C0F000D0FB7 /* PhotoStockFetcher.swift */; };
/* End PBXBuildFile section */

/* Begin PBXContainerItemProxy section */
		A3A83E2F2B714422000D0FB7 /* PBXContainerItemProxy */ = {
			isa = PBXContainerItemProxy;
			containerPortal = A3A83E142B714420000D0FB7 /* Project object */;
			proxyType = 1;
			remoteGlobalIDString = A3A83E1B2B714420000D0FB7;
			remoteInfo = PhotoWeather;
		};
		A3A83E392B714422000D0FB7 /* PBXContainerItemProxy */ = {
			isa = PBXContainerItemProxy;
			containerPortal = A3A83E142B714420000D0FB7 /* Project object */;
			proxyType = 1;
			remoteGlobalIDString = A3A83E1B2B714420000D0FB7;
			remoteInfo = PhotoWeather;
		};
/* End PBXContainerItemProxy section */

/* Begin PBXFileReference section */
		A352AE3D2B7A67680013FEAF /* PhotoStockItem.swift */ = {isa = PBXFileReference; lastKnownFileType = sourcecode.swift; path = PhotoStockItem.swift; sourceTree = "<group>"; };
		A352AE3F2B7A714C0013FEAF /* ForecastLocation.swift */ = {isa = PBXFileReference; lastKnownFileType = sourcecode.swift; path = ForecastLocation.swift; sourceTree = "<group>"; };
		A352AE412B7A8A2F0013FEAF /* Optional+Tuple.swift */ = {isa = PBXFileReference; lastKnownFileType = sourcecode.swift; path = "Optional+Tuple.swift"; sourceTree = "<group>"; };
		A352AE452B7D26430013FEAF /* URLQueryItem+KeyInit.swift */ = {isa = PBXFileReference; lastKnownFileType = sourcecode.swift; path = "URLQueryItem+KeyInit.swift"; sourceTree = "<group>"; };
		A352AE472B7D28BF0013FEAF /* URL+Endpoint.swift */ = {isa = PBXFileReference; lastKnownFileType = sourcecode.swift; path = "URL+Endpoint.swift"; sourceTree = "<group>"; };
		A352AE492B7E54140013FEAF /* Double+TemperatureFormat.swift */ = {isa = PBXFileReference; lastKnownFileType = sourcecode.swift; path = "Double+TemperatureFormat.swift"; sourceTree = "<group>"; };
		A352AE4D2B7E5C090013FEAF /* View+RoundedBorder.swift */ = {isa = PBXFileReference; lastKnownFileType = sourcecode.swift; path = "View+RoundedBorder.swift"; sourceTree = "<group>"; };
		A352AE532B7E75B50013FEAF /* NeedleGenerated.swift */ = {isa = PBXFileReference; fileEncoding = 4; lastKnownFileType = sourcecode.swift; path = NeedleGenerated.swift; sourceTree = "<group>"; };
		A352AE552B7E76FF0013FEAF /* AppDelegate.swift */ = {isa = PBXFileReference; lastKnownFileType = sourcecode.swift; path = AppDelegate.swift; sourceTree = "<group>"; };
		A374CA1D2B7FB2D50063F7C3 /* Config.xcconfig */ = {isa = PBXFileReference; lastKnownFileType = text.xcconfig; path = Config.xcconfig; sourceTree = "<group>"; };
		A374CA1E2B7FB38C0063F7C3 /* ConfigProvider.swift */ = {isa = PBXFileReference; lastKnownFileType = sourcecode.swift; path = ConfigProvider.swift; sourceTree = "<group>"; };
		A374CA202B7FC1A10063F7C3 /* ForecastListComponent.swift */ = {isa = PBXFileReference; lastKnownFileType = sourcecode.swift; path = ForecastListComponent.swift; sourceTree = "<group>"; };
		A374CA222B7FC1F70063F7C3 /* NetworkServiceImpl.swift */ = {isa = PBXFileReference; lastKnownFileType = sourcecode.swift; path = NetworkServiceImpl.swift; sourceTree = "<group>"; };
		A374CA242B7FC20F0063F7C3 /* RootComponent.swift */ = {isa = PBXFileReference; lastKnownFileType = sourcecode.swift; path = RootComponent.swift; sourceTree = "<group>"; };
		A374CA282B7FC5980063F7C3 /* ForecastLocationItemComponent.swift */ = {isa = PBXFileReference; lastKnownFileType = sourcecode.swift; path = ForecastLocationItemComponent.swift; sourceTree = "<group>"; };
		A374CA2A2B7FC96E0063F7C3 /* ForecastComponent.swift */ = {isa = PBXFileReference; lastKnownFileType = sourcecode.swift; path = ForecastComponent.swift; sourceTree = "<group>"; };
		A374CA2C2B7FCDD90063F7C3 /* PhotoStockComponent.swift */ = {isa = PBXFileReference; lastKnownFileType = sourcecode.swift; path = PhotoStockComponent.swift; sourceTree = "<group>"; };
		A3A83E1C2B714420000D0FB7 /* PhotoWeather.app */ = {isa = PBXFileReference; explicitFileType = wrapper.application; includeInIndex = 0; path = PhotoWeather.app; sourceTree = BUILT_PRODUCTS_DIR; };
		A3A83E1F2B714420000D0FB7 /* PhotoWeatherApp.swift */ = {isa = PBXFileReference; lastKnownFileType = sourcecode.swift; path = PhotoWeatherApp.swift; sourceTree = "<group>"; };
		A3A83E252B714421000D0FB7 /* Assets.xcassets */ = {isa = PBXFileReference; lastKnownFileType = folder.assetcatalog; path = Assets.xcassets; sourceTree = "<group>"; };
		A3A83E282B714421000D0FB7 /* Preview Assets.xcassets */ = {isa = PBXFileReference; lastKnownFileType = folder.assetcatalog; path = "Preview Assets.xcassets"; sourceTree = "<group>"; };
		A3A83E2E2B714422000D0FB7 /* PhotoWeatherTests.xctest */ = {isa = PBXFileReference; explicitFileType = wrapper.cfbundle; includeInIndex = 0; path = PhotoWeatherTests.xctest; sourceTree = BUILT_PRODUCTS_DIR; };
		A3A83E322B714422000D0FB7 /* PhotoWeatherTests.swift */ = {isa = PBXFileReference; lastKnownFileType = sourcecode.swift; path = PhotoWeatherTests.swift; sourceTree = "<group>"; };
		A3A83E382B714422000D0FB7 /* PhotoWeatherUITests.xctest */ = {isa = PBXFileReference; explicitFileType = wrapper.cfbundle; includeInIndex = 0; path = PhotoWeatherUITests.xctest; sourceTree = BUILT_PRODUCTS_DIR; };
		A3A83E3C2B714422000D0FB7 /* PhotoWeatherUITests.swift */ = {isa = PBXFileReference; lastKnownFileType = sourcecode.swift; path = PhotoWeatherUITests.swift; sourceTree = "<group>"; };
		A3A83E3E2B714422000D0FB7 /* PhotoWeatherUITestsLaunchTests.swift */ = {isa = PBXFileReference; lastKnownFileType = sourcecode.swift; path = PhotoWeatherUITestsLaunchTests.swift; sourceTree = "<group>"; };
		A3A83E4C2B7145A4000D0FB7 /* ForecastList.swift */ = {isa = PBXFileReference; lastKnownFileType = sourcecode.swift; path = ForecastList.swift; sourceTree = "<group>"; };
		A3A83E502B714FE9000D0FB7 /* ForecastItem.swift */ = {isa = PBXFileReference; lastKnownFileType = sourcecode.swift; path = ForecastItem.swift; sourceTree = "<group>"; };
		A3A83E522B71547E000D0FB7 /* ForecastFetcher.swift */ = {isa = PBXFileReference; lastKnownFileType = sourcecode.swift; path = ForecastFetcher.swift; sourceTree = "<group>"; };
		A3A83E542B7158E0000D0FB7 /* ForecastListViewModel.swift */ = {isa = PBXFileReference; lastKnownFileType = sourcecode.swift; path = ForecastListViewModel.swift; sourceTree = "<group>"; };
		A3A83E572B73C46C000D0FB7 /* JSONDecoder+AnyDateFormatter.swift */ = {isa = PBXFileReference; lastKnownFileType = sourcecode.swift; path = "JSONDecoder+AnyDateFormatter.swift"; sourceTree = "<group>"; };
		A3A83E592B73C6DE000D0FB7 /* DateFormatter+InitFormat.swift */ = {isa = PBXFileReference; lastKnownFileType = sourcecode.swift; path = "DateFormatter+InitFormat.swift"; sourceTree = "<group>"; };
		A3A83E5D2B73CADC000D0FB7 /* NetworkService.swift */ = {isa = PBXFileReference; lastKnownFileType = sourcecode.swift; path = NetworkService.swift; sourceTree = "<group>"; };
		A3A83E642B73E39F000D0FB7 /* ForecastLocationItem.swift */ = {isa = PBXFileReference; lastKnownFileType = sourcecode.swift; path = ForecastLocationItem.swift; sourceTree = "<group>"; };
		A3A83E662B73E45E000D0FB7 /* ForecastLocationItemViewModel.swift */ = {isa = PBXFileReference; lastKnownFileType = sourcecode.swift; path = ForecastLocationItemViewModel.swift; sourceTree = "<group>"; };
		A3A83E692B73EB94000D0FB7 /* weather-icons-lite.ttf */ = {isa = PBXFileReference; lastKnownFileType = file; path = "weather-icons-lite.ttf"; sourceTree = "<group>"; };
		A3A83E6B2B73EBBA000D0FB7 /* Info.plist */ = {isa = PBXFileReference; lastKnownFileType = text.plist; path = Info.plist; sourceTree = "<group>"; };
		A3A83E6C2B7516EF000D0FB7 /* WeatherCode+WMO.swift */ = {isa = PBXFileReference; lastKnownFileType = sourcecode.swift; path = "WeatherCode+WMO.swift"; sourceTree = "<group>"; };
		A3A83E6E2B75315A000D0FB7 /* Bool+IntCodable.swift */ = {isa = PBXFileReference; lastKnownFileType = sourcecode.swift; path = "Bool+IntCodable.swift"; sourceTree = "<group>"; };
		A3A83E712B753C0F000D0FB7 /* PhotoStockFetcher.swift */ = {isa = PBXFileReference; lastKnownFileType = sourcecode.swift; path = PhotoStockFetcher.swift; sourceTree = "<group>"; };
/* End PBXFileReference section */

/* Begin PBXFrameworksBuildPhase section */
		A3A83E192B714420000D0FB7 /* Frameworks */ = {
			isa = PBXFrameworksBuildPhase;
			buildActionMask = 2147483647;
			files = (
				A374CA1C2B7E82020063F7C3 /* NeedleFoundationTest in Frameworks */,
				A374CA1A2B7E82020063F7C3 /* NeedleFoundation in Frameworks */,
			);
			runOnlyForDeploymentPostprocessing = 0;
		};
		A3A83E2B2B714422000D0FB7 /* Frameworks */ = {
			isa = PBXFrameworksBuildPhase;
			buildActionMask = 2147483647;
			files = (
			);
			runOnlyForDeploymentPostprocessing = 0;
		};
		A3A83E352B714422000D0FB7 /* Frameworks */ = {
			isa = PBXFrameworksBuildPhase;
			buildActionMask = 2147483647;
			files = (
			);
			runOnlyForDeploymentPostprocessing = 0;
		};
/* End PBXFrameworksBuildPhase section */

/* Begin PBXGroup section */
		A374CA262B7FC4750063F7C3 /* List */ = {
			isa = PBXGroup;
			children = (
				A3A83E542B7158E0000D0FB7 /* ForecastListViewModel.swift */,
				A374CA202B7FC1A10063F7C3 /* ForecastListComponent.swift */,
				A3A83E4C2B7145A4000D0FB7 /* ForecastList.swift */,
			);
			path = List;
			sourceTree = "<group>";
		};
		A374CA272B7FC47C0063F7C3 /* Location */ = {
			isa = PBXGroup;
			children = (
				A3A83E642B73E39F000D0FB7 /* ForecastLocationItem.swift */,
				A374CA282B7FC5980063F7C3 /* ForecastLocationItemComponent.swift */,
				A3A83E662B73E45E000D0FB7 /* ForecastLocationItemViewModel.swift */,
			);
			path = Location;
			sourceTree = "<group>";
		};
		A3A83E132B714420000D0FB7 = {
			isa = PBXGroup;
			children = (
				A3A83E1E2B714420000D0FB7 /* PhotoWeather */,
				A3A83E312B714422000D0FB7 /* PhotoWeatherTests */,
				A3A83E3B2B714422000D0FB7 /* PhotoWeatherUITests */,
				A3A83E1D2B714420000D0FB7 /* Products */,
			);
			sourceTree = "<group>";
		};
		A3A83E1D2B714420000D0FB7 /* Products */ = {
			isa = PBXGroup;
			children = (
				A3A83E1C2B714420000D0FB7 /* PhotoWeather.app */,
				A3A83E2E2B714422000D0FB7 /* PhotoWeatherTests.xctest */,
				A3A83E382B714422000D0FB7 /* PhotoWeatherUITests.xctest */,
			);
			name = Products;
			sourceTree = "<group>";
		};
		A3A83E1E2B714420000D0FB7 /* PhotoWeather */ = {
			isa = PBXGroup;
			children = (
				A3A83E702B753BED000D0FB7 /* PhotoStock */,
				A3A83E6B2B73EBBA000D0FB7 /* Info.plist */,
				A374CA1D2B7FB2D50063F7C3 /* Config.xcconfig */,
				A3A83E562B73C455000D0FB7 /* Core */,
				A3A83E4B2B714588000D0FB7 /* Forecast */,
				A3A83E1F2B714420000D0FB7 /* PhotoWeatherApp.swift */,
				A374CA1E2B7FB38C0063F7C3 /* ConfigProvider.swift */,
				A352AE552B7E76FF0013FEAF /* AppDelegate.swift */,
				A3A83E5F2B73CFCF000D0FB7 /* DI */,
				A3A83E252B714421000D0FB7 /* Assets.xcassets */,
				A3A83E682B73EB86000D0FB7 /* Fonts */,
				A3A83E272B714421000D0FB7 /* Preview Content */,
			);
			path = PhotoWeather;
			sourceTree = "<group>";
		};
		A3A83E272B714421000D0FB7 /* Preview Content */ = {
			isa = PBXGroup;
			children = (
				A3A83E282B714421000D0FB7 /* Preview Assets.xcassets */,
			);
			path = "Preview Content";
			sourceTree = "<group>";
		};
		A3A83E312B714422000D0FB7 /* PhotoWeatherTests */ = {
			isa = PBXGroup;
			children = (
				A3A83E322B714422000D0FB7 /* PhotoWeatherTests.swift */,
			);
			path = PhotoWeatherTests;
			sourceTree = "<group>";
		};
		A3A83E3B2B714422000D0FB7 /* PhotoWeatherUITests */ = {
			isa = PBXGroup;
			children = (
				A3A83E3C2B714422000D0FB7 /* PhotoWeatherUITests.swift */,
				A3A83E3E2B714422000D0FB7 /* PhotoWeatherUITestsLaunchTests.swift */,
			);
			path = PhotoWeatherUITests;
			sourceTree = "<group>";
		};
		A3A83E4B2B714588000D0FB7 /* Forecast */ = {
			isa = PBXGroup;
			children = (
				A3A83E622B73E119000D0FB7 /* View */,
				A3A83E632B73E127000D0FB7 /* Model */,
				A374CA2A2B7FC96E0063F7C3 /* ForecastComponent.swift */,
			);
			path = Forecast;
			sourceTree = "<group>";
		};
		A3A83E562B73C455000D0FB7 /* Core */ = {
			isa = PBXGroup;
			children = (
				A3A83E572B73C46C000D0FB7 /* JSONDecoder+AnyDateFormatter.swift */,
				A352AE452B7D26430013FEAF /* URLQueryItem+KeyInit.swift */,
				A352AE492B7E54140013FEAF /* Double+TemperatureFormat.swift */,
				A352AE472B7D28BF0013FEAF /* URL+Endpoint.swift */,
				A3A83E6E2B75315A000D0FB7 /* Bool+IntCodable.swift */,
				A352AE412B7A8A2F0013FEAF /* Optional+Tuple.swift */,
				A3A83E592B73C6DE000D0FB7 /* DateFormatter+InitFormat.swift */,
				A352AE4D2B7E5C090013FEAF /* View+RoundedBorder.swift */,
				A3A83E5C2B73CAC4000D0FB7 /* Network */,
			);
			path = Core;
			sourceTree = "<group>";
		};
		A3A83E5C2B73CAC4000D0FB7 /* Network */ = {
			isa = PBXGroup;
			children = (
				A3A83E5D2B73CADC000D0FB7 /* NetworkService.swift */,
			);
			path = Network;
			sourceTree = "<group>";
		};
		A3A83E5F2B73CFCF000D0FB7 /* DI */ = {
			isa = PBXGroup;
			children = (
				A374CA242B7FC20F0063F7C3 /* RootComponent.swift */,
				A374CA222B7FC1F70063F7C3 /* NetworkServiceImpl.swift */,
				A352AE532B7E75B50013FEAF /* NeedleGenerated.swift */,
			);
			path = DI;
			sourceTree = "<group>";
		};
		A3A83E622B73E119000D0FB7 /* View */ = {
			isa = PBXGroup;
			children = (
				A374CA262B7FC4750063F7C3 /* List */,
				A374CA272B7FC47C0063F7C3 /* Location */,
			);
			path = View;
			sourceTree = "<group>";
		};
		A3A83E632B73E127000D0FB7 /* Model */ = {
			isa = PBXGroup;
			children = (
				A3A83E522B71547E000D0FB7 /* ForecastFetcher.swift */,
				A352AE3F2B7A714C0013FEAF /* ForecastLocation.swift */,
				A3A83E6C2B7516EF000D0FB7 /* WeatherCode+WMO.swift */,
				A3A83E502B714FE9000D0FB7 /* ForecastItem.swift */,
			);
			path = Model;
			sourceTree = "<group>";
		};
		A3A83E682B73EB86000D0FB7 /* Fonts */ = {
			isa = PBXGroup;
			children = (
				A3A83E692B73EB94000D0FB7 /* weather-icons-lite.ttf */,
			);
			path = Fonts;
			sourceTree = "<group>";
		};
		A3A83E702B753BED000D0FB7 /* PhotoStock */ = {
			isa = PBXGroup;
			children = (
				A3A83E712B753C0F000D0FB7 /* PhotoStockFetcher.swift */,
				A374CA2C2B7FCDD90063F7C3 /* PhotoStockComponent.swift */,
				A352AE3D2B7A67680013FEAF /* PhotoStockItem.swift */,
			);
			path = PhotoStock;
			sourceTree = "<group>";
		};
/* End PBXGroup section */

/* Begin PBXNativeTarget section */
		A3A83E1B2B714420000D0FB7 /* PhotoWeather */ = {
			isa = PBXNativeTarget;
			buildConfigurationList = A3A83E422B714422000D0FB7 /* Build configuration list for PBXNativeTarget "PhotoWeather" */;
			buildPhases = (
				A3A83E182B714420000D0FB7 /* Sources */,
				A3A83E192B714420000D0FB7 /* Frameworks */,
				A3A83E1A2B714420000D0FB7 /* Resources */,
				A352AE502B7E6C6B0013FEAF /* ShellScript */,
			);
			buildRules = (
			);
			dependencies = (
			);
			name = PhotoWeather;
			packageProductDependencies = (
				A374CA192B7E82020063F7C3 /* NeedleFoundation */,
				A374CA1B2B7E82020063F7C3 /* NeedleFoundationTest */,
			);
			productName = PhotoWeather;
			productReference = A3A83E1C2B714420000D0FB7 /* PhotoWeather.app */;
			productType = "com.apple.product-type.application";
		};
		A3A83E2D2B714422000D0FB7 /* PhotoWeatherTests */ = {
			isa = PBXNativeTarget;
			buildConfigurationList = A3A83E452B714422000D0FB7 /* Build configuration list for PBXNativeTarget "PhotoWeatherTests" */;
			buildPhases = (
				A3A83E2A2B714422000D0FB7 /* Sources */,
				A3A83E2B2B714422000D0FB7 /* Frameworks */,
				A3A83E2C2B714422000D0FB7 /* Resources */,
			);
			buildRules = (
			);
			dependencies = (
				A3A83E302B714422000D0FB7 /* PBXTargetDependency */,
			);
			name = PhotoWeatherTests;
			productName = PhotoWeatherTests;
			productReference = A3A83E2E2B714422000D0FB7 /* PhotoWeatherTests.xctest */;
			productType = "com.apple.product-type.bundle.unit-test";
		};
		A3A83E372B714422000D0FB7 /* PhotoWeatherUITests */ = {
			isa = PBXNativeTarget;
			buildConfigurationList = A3A83E482B714422000D0FB7 /* Build configuration list for PBXNativeTarget "PhotoWeatherUITests" */;
			buildPhases = (
				A3A83E342B714422000D0FB7 /* Sources */,
				A3A83E352B714422000D0FB7 /* Frameworks */,
				A3A83E362B714422000D0FB7 /* Resources */,
			);
			buildRules = (
			);
			dependencies = (
				A3A83E3A2B714422000D0FB7 /* PBXTargetDependency */,
			);
			name = PhotoWeatherUITests;
			productName = PhotoWeatherUITests;
			productReference = A3A83E382B714422000D0FB7 /* PhotoWeatherUITests.xctest */;
			productType = "com.apple.product-type.bundle.ui-testing";
		};
/* End PBXNativeTarget section */

/* Begin PBXProject section */
		A3A83E142B714420000D0FB7 /* Project object */ = {
			isa = PBXProject;
			attributes = {
				BuildIndependentTargetsInParallel = 1;
				LastSwiftUpdateCheck = 1520;
				LastUpgradeCheck = 1520;
				TargetAttributes = {
					A3A83E1B2B714420000D0FB7 = {
						CreatedOnToolsVersion = 15.2;
					};
					A3A83E2D2B714422000D0FB7 = {
						CreatedOnToolsVersion = 15.2;
						TestTargetID = A3A83E1B2B714420000D0FB7;
					};
					A3A83E372B714422000D0FB7 = {
						CreatedOnToolsVersion = 15.2;
						TestTargetID = A3A83E1B2B714420000D0FB7;
					};
				};
			};
			buildConfigurationList = A3A83E172B714420000D0FB7 /* Build configuration list for PBXProject "PhotoWeather" */;
			compatibilityVersion = "Xcode 14.0";
			developmentRegion = en;
			hasScannedForEncodings = 0;
			knownRegions = (
				en,
				Base,
			);
			mainGroup = A3A83E132B714420000D0FB7;
			packageReferences = (
				A352AE4F2B7E6B790013FEAF /* XCRemoteSwiftPackageReference "needle" */,
			);
			productRefGroup = A3A83E1D2B714420000D0FB7 /* Products */;
			projectDirPath = "";
			projectRoot = "";
			targets = (
				A3A83E1B2B714420000D0FB7 /* PhotoWeather */,
				A3A83E2D2B714422000D0FB7 /* PhotoWeatherTests */,
				A3A83E372B714422000D0FB7 /* PhotoWeatherUITests */,
			);
		};
/* End PBXProject section */

/* Begin PBXResourcesBuildPhase section */
		A3A83E1A2B714420000D0FB7 /* Resources */ = {
			isa = PBXResourcesBuildPhase;
			buildActionMask = 2147483647;
			files = (
				A3A83E6A2B73EB94000D0FB7 /* weather-icons-lite.ttf in Resources */,
				A3A83E292B714421000D0FB7 /* Preview Assets.xcassets in Resources */,
				A3A83E262B714421000D0FB7 /* Assets.xcassets in Resources */,
			);
			runOnlyForDeploymentPostprocessing = 0;
		};
		A3A83E2C2B714422000D0FB7 /* Resources */ = {
			isa = PBXResourcesBuildPhase;
			buildActionMask = 2147483647;
			files = (
			);
			runOnlyForDeploymentPostprocessing = 0;
		};
		A3A83E362B714422000D0FB7 /* Resources */ = {
			isa = PBXResourcesBuildPhase;
			buildActionMask = 2147483647;
			files = (
			);
			runOnlyForDeploymentPostprocessing = 0;
		};
/* End PBXResourcesBuildPhase section */

/* Begin PBXShellScriptBuildPhase section */
		A352AE502B7E6C6B0013FEAF /* ShellScript */ = {
			isa = PBXShellScriptBuildPhase;
			alwaysOutOfDate = 1;
			buildActionMask = 2147483647;
			files = (
			);
			inputFileListPaths = (
			);
			inputPaths = (
			);
			outputFileListPaths = (
			);
			outputPaths = (
			);
			runOnlyForDeploymentPostprocessing = 0;
			shellPath = /bin/sh;
			shellScript = "export SOURCEKIT_LOGGING=0 && needle generate PhotoWeather/DI/NeedleGenerated.swift PhotoWeather/\n";
		};
/* End PBXShellScriptBuildPhase section */

/* Begin PBXSourcesBuildPhase section */
		A3A83E182B714420000D0FB7 /* Sources */ = {
			isa = PBXSourcesBuildPhase;
			buildActionMask = 2147483647;
			files = (
				A374CA1F2B7FB38C0063F7C3 /* ConfigProvider.swift in Sources */,
				A3A83E5E2B73CADC000D0FB7 /* NetworkService.swift in Sources */,
				A3A83E722B753C0F000D0FB7 /* PhotoStockFetcher.swift in Sources */,
				A352AE4A2B7E54140013FEAF /* Double+TemperatureFormat.swift in Sources */,
				A3A83E672B73E45E000D0FB7 /* ForecastLocationItemViewModel.swift in Sources */,
				A352AE3E2B7A67680013FEAF /* PhotoStockItem.swift in Sources */,
				A374CA232B7FC1F70063F7C3 /* NetworkServiceImpl.swift in Sources */,
				A374CA2B2B7FC96E0063F7C3 /* ForecastComponent.swift in Sources */,
				A374CA252B7FC20F0063F7C3 /* RootComponent.swift in Sources */,
				A3A83E512B714FE9000D0FB7 /* ForecastItem.swift in Sources */,
				A352AE422B7A8A300013FEAF /* Optional+Tuple.swift in Sources */,
				A3A83E552B7158E0000D0FB7 /* ForecastListViewModel.swift in Sources */,
				A3A83E4D2B7145A4000D0FB7 /* ForecastList.swift in Sources */,
				A3A83E532B71547E000D0FB7 /* ForecastFetcher.swift in Sources */,
				A3A83E6F2B75315A000D0FB7 /* Bool+IntCodable.swift in Sources */,
				A374CA292B7FC5980063F7C3 /* ForecastLocationItemComponent.swift in Sources */,
				A3A83E582B73C46C000D0FB7 /* JSONDecoder+AnyDateFormatter.swift in Sources */,
				A352AE562B7E76FF0013FEAF /* AppDelegate.swift in Sources */,
				A352AE482B7D28BF0013FEAF /* URL+Endpoint.swift in Sources */,
				A374CA212B7FC1A10063F7C3 /* ForecastListComponent.swift in Sources */,
				A3A83E652B73E39F000D0FB7 /* ForecastLocationItem.swift in Sources */,
				A352AE4E2B7E5C090013FEAF /* View+RoundedBorder.swift in Sources */,
				A3A83E5A2B73C6DE000D0FB7 /* DateFormatter+InitFormat.swift in Sources */,
				A352AE402B7A714C0013FEAF /* ForecastLocation.swift in Sources */,
				A374CA2D2B7FCDD90063F7C3 /* PhotoStockComponent.swift in Sources */,
				A352AE542B7E75B50013FEAF /* NeedleGenerated.swift in Sources */,
				A352AE462B7D26430013FEAF /* URLQueryItem+KeyInit.swift in Sources */,
				A3A83E6D2B7516EF000D0FB7 /* WeatherCode+WMO.swift in Sources */,
				A3A83E202B714420000D0FB7 /* PhotoWeatherApp.swift in Sources */,
			);
			runOnlyForDeploymentPostprocessing = 0;
		};
		A3A83E2A2B714422000D0FB7 /* Sources */ = {
			isa = PBXSourcesBuildPhase;
			buildActionMask = 2147483647;
			files = (
				A3A83E332B714422000D0FB7 /* PhotoWeatherTests.swift in Sources */,
			);
			runOnlyForDeploymentPostprocessing = 0;
		};
		A3A83E342B714422000D0FB7 /* Sources */ = {
			isa = PBXSourcesBuildPhase;
			buildActionMask = 2147483647;
			files = (
				A3A83E3F2B714422000D0FB7 /* PhotoWeatherUITestsLaunchTests.swift in Sources */,
				A3A83E3D2B714422000D0FB7 /* PhotoWeatherUITests.swift in Sources */,
			);
			runOnlyForDeploymentPostprocessing = 0;
		};
/* End PBXSourcesBuildPhase section */

/* Begin PBXTargetDependency section */
		A3A83E302B714422000D0FB7 /* PBXTargetDependency */ = {
			isa = PBXTargetDependency;
			target = A3A83E1B2B714420000D0FB7 /* PhotoWeather */;
			targetProxy = A3A83E2F2B714422000D0FB7 /* PBXContainerItemProxy */;
		};
		A3A83E3A2B714422000D0FB7 /* PBXTargetDependency */ = {
			isa = PBXTargetDependency;
			target = A3A83E1B2B714420000D0FB7 /* PhotoWeather */;
			targetProxy = A3A83E392B714422000D0FB7 /* PBXContainerItemProxy */;
		};
/* End PBXTargetDependency section */

/* Begin XCBuildConfiguration section */
		A3A83E402B714422000D0FB7 /* Debug */ = {
			isa = XCBuildConfiguration;
			buildSettings = {
				ALWAYS_SEARCH_USER_PATHS = NO;
				ASSETCATALOG_COMPILER_GENERATE_SWIFT_ASSET_SYMBOL_EXTENSIONS = YES;
				CLANG_ANALYZER_NONNULL = YES;
				CLANG_ANALYZER_NUMBER_OBJECT_CONVERSION = YES_AGGRESSIVE;
				CLANG_CXX_LANGUAGE_STANDARD = "gnu++20";
				CLANG_ENABLE_MODULES = YES;
				CLANG_ENABLE_OBJC_ARC = YES;
				CLANG_ENABLE_OBJC_WEAK = YES;
				CLANG_WARN_BLOCK_CAPTURE_AUTORELEASING = YES;
				CLANG_WARN_BOOL_CONVERSION = YES;
				CLANG_WARN_COMMA = YES;
				CLANG_WARN_CONSTANT_CONVERSION = YES;
				CLANG_WARN_DEPRECATED_OBJC_IMPLEMENTATIONS = YES;
				CLANG_WARN_DIRECT_OBJC_ISA_USAGE = YES_ERROR;
				CLANG_WARN_DOCUMENTATION_COMMENTS = YES;
				CLANG_WARN_EMPTY_BODY = YES;
				CLANG_WARN_ENUM_CONVERSION = YES;
				CLANG_WARN_INFINITE_RECURSION = YES;
				CLANG_WARN_INT_CONVERSION = YES;
				CLANG_WARN_NON_LITERAL_NULL_CONVERSION = YES;
				CLANG_WARN_OBJC_IMPLICIT_RETAIN_SELF = YES;
				CLANG_WARN_OBJC_LITERAL_CONVERSION = YES;
				CLANG_WARN_OBJC_ROOT_CLASS = YES_ERROR;
				CLANG_WARN_QUOTED_INCLUDE_IN_FRAMEWORK_HEADER = YES;
				CLANG_WARN_RANGE_LOOP_ANALYSIS = YES;
				CLANG_WARN_STRICT_PROTOTYPES = YES;
				CLANG_WARN_SUSPICIOUS_MOVE = YES;
				CLANG_WARN_UNGUARDED_AVAILABILITY = YES_AGGRESSIVE;
				CLANG_WARN_UNREACHABLE_CODE = YES;
				CLANG_WARN__DUPLICATE_METHOD_MATCH = YES;
				COPY_PHASE_STRIP = NO;
				DEBUG_INFORMATION_FORMAT = dwarf;
				ENABLE_STRICT_OBJC_MSGSEND = YES;
				ENABLE_TESTABILITY = YES;
				ENABLE_USER_SCRIPT_SANDBOXING = YES;
				GCC_C_LANGUAGE_STANDARD = gnu17;
				GCC_DYNAMIC_NO_PIC = NO;
				GCC_NO_COMMON_BLOCKS = YES;
				GCC_OPTIMIZATION_LEVEL = 0;
				GCC_PREPROCESSOR_DEFINITIONS = (
					"DEBUG=1",
					"$(inherited)",
				);
				GCC_WARN_64_TO_32_BIT_CONVERSION = YES;
				GCC_WARN_ABOUT_RETURN_TYPE = YES_ERROR;
				GCC_WARN_UNDECLARED_SELECTOR = YES;
				GCC_WARN_UNINITIALIZED_AUTOS = YES_AGGRESSIVE;
				GCC_WARN_UNUSED_FUNCTION = YES;
				GCC_WARN_UNUSED_VARIABLE = YES;
				IPHONEOS_DEPLOYMENT_TARGET = 17.2;
				LOCALIZATION_PREFERS_STRING_CATALOGS = YES;
				MTL_ENABLE_DEBUG_INFO = INCLUDE_SOURCE;
				MTL_FAST_MATH = YES;
				ONLY_ACTIVE_ARCH = YES;
				SDKROOT = iphoneos;
				SWIFT_ACTIVE_COMPILATION_CONDITIONS = "DEBUG $(inherited)";
				SWIFT_OPTIMIZATION_LEVEL = "-Onone";
			};
			name = Debug;
		};
		A3A83E412B714422000D0FB7 /* Release */ = {
			isa = XCBuildConfiguration;
			buildSettings = {
				ALWAYS_SEARCH_USER_PATHS = NO;
				ASSETCATALOG_COMPILER_GENERATE_SWIFT_ASSET_SYMBOL_EXTENSIONS = YES;
				CLANG_ANALYZER_NONNULL = YES;
				CLANG_ANALYZER_NUMBER_OBJECT_CONVERSION = YES_AGGRESSIVE;
				CLANG_CXX_LANGUAGE_STANDARD = "gnu++20";
				CLANG_ENABLE_MODULES = YES;
				CLANG_ENABLE_OBJC_ARC = YES;
				CLANG_ENABLE_OBJC_WEAK = YES;
				CLANG_WARN_BLOCK_CAPTURE_AUTORELEASING = YES;
				CLANG_WARN_BOOL_CONVERSION = YES;
				CLANG_WARN_COMMA = YES;
				CLANG_WARN_CONSTANT_CONVERSION = YES;
				CLANG_WARN_DEPRECATED_OBJC_IMPLEMENTATIONS = YES;
				CLANG_WARN_DIRECT_OBJC_ISA_USAGE = YES_ERROR;
				CLANG_WARN_DOCUMENTATION_COMMENTS = YES;
				CLANG_WARN_EMPTY_BODY = YES;
				CLANG_WARN_ENUM_CONVERSION = YES;
				CLANG_WARN_INFINITE_RECURSION = YES;
				CLANG_WARN_INT_CONVERSION = YES;
				CLANG_WARN_NON_LITERAL_NULL_CONVERSION = YES;
				CLANG_WARN_OBJC_IMPLICIT_RETAIN_SELF = YES;
				CLANG_WARN_OBJC_LITERAL_CONVERSION = YES;
				CLANG_WARN_OBJC_ROOT_CLASS = YES_ERROR;
				CLANG_WARN_QUOTED_INCLUDE_IN_FRAMEWORK_HEADER = YES;
				CLANG_WARN_RANGE_LOOP_ANALYSIS = YES;
				CLANG_WARN_STRICT_PROTOTYPES = YES;
				CLANG_WARN_SUSPICIOUS_MOVE = YES;
				CLANG_WARN_UNGUARDED_AVAILABILITY = YES_AGGRESSIVE;
				CLANG_WARN_UNREACHABLE_CODE = YES;
				CLANG_WARN__DUPLICATE_METHOD_MATCH = YES;
				COPY_PHASE_STRIP = NO;
				DEBUG_INFORMATION_FORMAT = "dwarf-with-dsym";
				ENABLE_NS_ASSERTIONS = NO;
				ENABLE_STRICT_OBJC_MSGSEND = YES;
				ENABLE_USER_SCRIPT_SANDBOXING = YES;
				GCC_C_LANGUAGE_STANDARD = gnu17;
				GCC_NO_COMMON_BLOCKS = YES;
				GCC_WARN_64_TO_32_BIT_CONVERSION = YES;
				GCC_WARN_ABOUT_RETURN_TYPE = YES_ERROR;
				GCC_WARN_UNDECLARED_SELECTOR = YES;
				GCC_WARN_UNINITIALIZED_AUTOS = YES_AGGRESSIVE;
				GCC_WARN_UNUSED_FUNCTION = YES;
				GCC_WARN_UNUSED_VARIABLE = YES;
				IPHONEOS_DEPLOYMENT_TARGET = 17.2;
				LOCALIZATION_PREFERS_STRING_CATALOGS = YES;
				MTL_ENABLE_DEBUG_INFO = NO;
				MTL_FAST_MATH = YES;
				SDKROOT = iphoneos;
				SWIFT_COMPILATION_MODE = wholemodule;
				VALIDATE_PRODUCT = YES;
			};
			name = Release;
		};
		A3A83E432B714422000D0FB7 /* Debug */ = {
			isa = XCBuildConfiguration;
			baseConfigurationReference = A374CA1D2B7FB2D50063F7C3 /* Config.xcconfig */;
			buildSettings = {
				ASSETCATALOG_COMPILER_APPICON_NAME = AppIcon;
				ASSETCATALOG_COMPILER_GLOBAL_ACCENT_COLOR_NAME = AccentColor;
				CODE_SIGN_STYLE = Automatic;
				CURRENT_PROJECT_VERSION = 1;
				DEVELOPMENT_ASSET_PATHS = "\"PhotoWeather/Preview Content\"";
				ENABLE_PREVIEWS = YES;
				ENABLE_USER_SCRIPT_SANDBOXING = NO;
				GENERATE_INFOPLIST_FILE = YES;
				INFOPLIST_FILE = PhotoWeather/Info.plist;
				INFOPLIST_KEY_UIApplicationSceneManifest_Generation = YES;
				INFOPLIST_KEY_UIApplicationSupportsIndirectInputEvents = YES;
				INFOPLIST_KEY_UILaunchScreen_Generation = YES;
				INFOPLIST_KEY_UISupportedInterfaceOrientations_iPad = "UIInterfaceOrientationPortrait UIInterfaceOrientationPortraitUpsideDown UIInterfaceOrientationLandscapeLeft UIInterfaceOrientationLandscapeRight";
				INFOPLIST_KEY_UISupportedInterfaceOrientations_iPhone = "UIInterfaceOrientationPortrait UIInterfaceOrientationLandscapeLeft UIInterfaceOrientationLandscapeRight";
				LD_RUNPATH_SEARCH_PATHS = (
					"$(inherited)",
					"@executable_path/Frameworks",
				);
				MARKETING_VERSION = 1.0;
				PRODUCT_BUNDLE_IDENTIFIER = com.julia.PhotoWeather;
				PRODUCT_NAME = "$(TARGET_NAME)";
				SWIFT_EMIT_LOC_STRINGS = YES;
				SWIFT_VERSION = 5.0;
				TARGETED_DEVICE_FAMILY = "1,2";
			};
			name = Debug;
		};
		A3A83E442B714422000D0FB7 /* Release */ = {
			isa = XCBuildConfiguration;
			buildSettings = {
				ASSETCATALOG_COMPILER_APPICON_NAME = AppIcon;
				ASSETCATALOG_COMPILER_GLOBAL_ACCENT_COLOR_NAME = AccentColor;
				CODE_SIGN_STYLE = Automatic;
				CURRENT_PROJECT_VERSION = 1;
				DEVELOPMENT_ASSET_PATHS = "\"PhotoWeather/Preview Content\"";
				ENABLE_PREVIEWS = YES;
				ENABLE_USER_SCRIPT_SANDBOXING = NO;
				GENERATE_INFOPLIST_FILE = YES;
				INFOPLIST_FILE = PhotoWeather/Info.plist;
				INFOPLIST_KEY_UIApplicationSceneManifest_Generation = YES;
				INFOPLIST_KEY_UIApplicationSupportsIndirectInputEvents = YES;
				INFOPLIST_KEY_UILaunchScreen_Generation = YES;
				INFOPLIST_KEY_UISupportedInterfaceOrientations_iPad = "UIInterfaceOrientationPortrait UIInterfaceOrientationPortraitUpsideDown UIInterfaceOrientationLandscapeLeft UIInterfaceOrientationLandscapeRight";
				INFOPLIST_KEY_UISupportedInterfaceOrientations_iPhone = "UIInterfaceOrientationPortrait UIInterfaceOrientationLandscapeLeft UIInterfaceOrientationLandscapeRight";
				LD_RUNPATH_SEARCH_PATHS = (
					"$(inherited)",
					"@executable_path/Frameworks",
				);
				MARKETING_VERSION = 1.0;
				PRODUCT_BUNDLE_IDENTIFIER = com.julia.PhotoWeather;
				PRODUCT_NAME = "$(TARGET_NAME)";
				SWIFT_EMIT_LOC_STRINGS = YES;
				SWIFT_VERSION = 5.0;
				TARGETED_DEVICE_FAMILY = "1,2";
			};
			name = Release;
		};
		A3A83E462B714422000D0FB7 /* Debug */ = {
			isa = XCBuildConfiguration;
			buildSettings = {
				ALWAYS_EMBED_SWIFT_STANDARD_LIBRARIES = YES;
				BUNDLE_LOADER = "$(TEST_HOST)";
				CODE_SIGN_STYLE = Automatic;
				CURRENT_PROJECT_VERSION = 1;
				GENERATE_INFOPLIST_FILE = YES;
				IPHONEOS_DEPLOYMENT_TARGET = 17.2;
				MARKETING_VERSION = 1.0;
				PRODUCT_BUNDLE_IDENTIFIER = com.julia.PhotoWeatherTests;
				PRODUCT_NAME = "$(TARGET_NAME)";
				SWIFT_EMIT_LOC_STRINGS = NO;
				SWIFT_VERSION = 5.0;
				TARGETED_DEVICE_FAMILY = "1,2";
				TEST_HOST = "$(BUILT_PRODUCTS_DIR)/PhotoWeather.app/$(BUNDLE_EXECUTABLE_FOLDER_PATH)/PhotoWeather";
			};
			name = Debug;
		};
		A3A83E472B714422000D0FB7 /* Release */ = {
			isa = XCBuildConfiguration;
			buildSettings = {
				ALWAYS_EMBED_SWIFT_STANDARD_LIBRARIES = YES;
				BUNDLE_LOADER = "$(TEST_HOST)";
				CODE_SIGN_STYLE = Automatic;
				CURRENT_PROJECT_VERSION = 1;
				GENERATE_INFOPLIST_FILE = YES;
				IPHONEOS_DEPLOYMENT_TARGET = 17.2;
				MARKETING_VERSION = 1.0;
				PRODUCT_BUNDLE_IDENTIFIER = com.julia.PhotoWeatherTests;
				PRODUCT_NAME = "$(TARGET_NAME)";
				SWIFT_EMIT_LOC_STRINGS = NO;
				SWIFT_VERSION = 5.0;
				TARGETED_DEVICE_FAMILY = "1,2";
				TEST_HOST = "$(BUILT_PRODUCTS_DIR)/PhotoWeather.app/$(BUNDLE_EXECUTABLE_FOLDER_PATH)/PhotoWeather";
			};
			name = Release;
		};
		A3A83E492B714422000D0FB7 /* Debug */ = {
			isa = XCBuildConfiguration;
			buildSettings = {
				ALWAYS_EMBED_SWIFT_STANDARD_LIBRARIES = YES;
				CODE_SIGN_STYLE = Automatic;
				CURRENT_PROJECT_VERSION = 1;
				GENERATE_INFOPLIST_FILE = YES;
				MARKETING_VERSION = 1.0;
				PRODUCT_BUNDLE_IDENTIFIER = com.julia.PhotoWeatherUITests;
				PRODUCT_NAME = "$(TARGET_NAME)";
				SWIFT_EMIT_LOC_STRINGS = NO;
				SWIFT_VERSION = 5.0;
				TARGETED_DEVICE_FAMILY = "1,2";
				TEST_TARGET_NAME = PhotoWeather;
			};
			name = Debug;
		};
		A3A83E4A2B714422000D0FB7 /* Release */ = {
			isa = XCBuildConfiguration;
			buildSettings = {
				ALWAYS_EMBED_SWIFT_STANDARD_LIBRARIES = YES;
				CODE_SIGN_STYLE = Automatic;
				CURRENT_PROJECT_VERSION = 1;
				GENERATE_INFOPLIST_FILE = YES;
				MARKETING_VERSION = 1.0;
				PRODUCT_BUNDLE_IDENTIFIER = com.julia.PhotoWeatherUITests;
				PRODUCT_NAME = "$(TARGET_NAME)";
				SWIFT_EMIT_LOC_STRINGS = NO;
				SWIFT_VERSION = 5.0;
				TARGETED_DEVICE_FAMILY = "1,2";
				TEST_TARGET_NAME = PhotoWeather;
			};
			name = Release;
		};
/* End XCBuildConfiguration section */

/* Begin XCConfigurationList section */
		A3A83E172B714420000D0FB7 /* Build configuration list for PBXProject "PhotoWeather" */ = {
			isa = XCConfigurationList;
			buildConfigurations = (
				A3A83E402B714422000D0FB7 /* Debug */,
				A3A83E412B714422000D0FB7 /* Release */,
			);
			defaultConfigurationIsVisible = 0;
			defaultConfigurationName = Release;
		};
		A3A83E422B714422000D0FB7 /* Build configuration list for PBXNativeTarget "PhotoWeather" */ = {
			isa = XCConfigurationList;
			buildConfigurations = (
				A3A83E432B714422000D0FB7 /* Debug */,
				A3A83E442B714422000D0FB7 /* Release */,
			);
			defaultConfigurationIsVisible = 0;
			defaultConfigurationName = Release;
		};
		A3A83E452B714422000D0FB7 /* Build configuration list for PBXNativeTarget "PhotoWeatherTests" */ = {
			isa = XCConfigurationList;
			buildConfigurations = (
				A3A83E462B714422000D0FB7 /* Debug */,
				A3A83E472B714422000D0FB7 /* Release */,
			);
			defaultConfigurationIsVisible = 0;
			defaultConfigurationName = Release;
		};
		A3A83E482B714422000D0FB7 /* Build configuration list for PBXNativeTarget "PhotoWeatherUITests" */ = {
			isa = XCConfigurationList;
			buildConfigurations = (
				A3A83E492B714422000D0FB7 /* Debug */,
				A3A83E4A2B714422000D0FB7 /* Release */,
			);
			defaultConfigurationIsVisible = 0;
			defaultConfigurationName = Release;
		};
/* End XCConfigurationList section */

/* Begin XCRemoteSwiftPackageReference section */
		A352AE4F2B7E6B790013FEAF /* XCRemoteSwiftPackageReference "needle" */ = {
			isa = XCRemoteSwiftPackageReference;
			repositoryURL = "https://github.com/uber/needle.git";
			requirement = {
				branch = master;
				kind = branch;
			};
		};
/* End XCRemoteSwiftPackageReference section */

/* Begin XCSwiftPackageProductDependency section */
		A374CA192B7E82020063F7C3 /* NeedleFoundation */ = {
			isa = XCSwiftPackageProductDependency;
			package = A352AE4F2B7E6B790013FEAF /* XCRemoteSwiftPackageReference "needle" */;
			productName = NeedleFoundation;
		};
		A374CA1B2B7E82020063F7C3 /* NeedleFoundationTest */ = {
			isa = XCSwiftPackageProductDependency;
			package = A352AE4F2B7E6B790013FEAF /* XCRemoteSwiftPackageReference "needle" */;
			productName = NeedleFoundationTest;
		};
/* End XCSwiftPackageProductDependency section */
	};
	rootObject = A3A83E142B714420000D0FB7 /* Project object */;
}
